
Microsoft Visual Studio Solution File, Format Version 12.00
# Visual Studio 15
VisualStudioVersion = 15.0.27004.2002
MinimumVisualStudioVersion = 10.0.40219.1
Project("{FAE04EC0-301F-11D3-BF4B-00C04F79EFBC}") = "Library", "Library\Library.csproj", "{E7A4A2F0-7350-48FE-96C3-5D127C5F142A}"
EndProject
Project("{FAE04EC0-301F-11D3-BF4B-00C04F79EFBC}") = "Data", "Data\Data.csproj", "{0AC3DA97-2BDD-4775-B407-59CBE9B588BA}"
EndProject
Project("{FAE04EC0-301F-11D3-BF4B-00C04F79EFBC}") = "Model", "Model\Model.csproj", "{26BA7878-3D89-4889-807D-CFA0494CE167}"
EndProject
Global
	GlobalSection(SolutionConfigurationPlatforms) = preSolution
		Debug|Any CPU = Debug|Any CPU
		Release|Any CPU = Release|Any CPU
	EndGlobalSection
	GlobalSection(ProjectConfigurationPlatforms) = postSolution
		{E7A4A2F0-7350-48FE-96C3-5D127C5F142A}.Debug|Any CPU.ActiveCfg = Debug|Any CPU
		{E7A4A2F0-7350-48FE-96C3-5D127C5F142A}.Debug|Any CPU.Build.0 = Debug|Any CPU
		{E7A4A2F0-7350-48FE-96C3-5D127C5F142A}.Release|Any CPU.ActiveCfg = Release|Any CPU
		{E7A4A2F0-7350-48FE-96C3-5D127C5F142A}.Release|Any CPU.Build.0 = Release|Any CPU
		{0AC3DA97-2BDD-4775-B407-59CBE9B588BA}.Debug|Any CPU.ActiveCfg = Debug|Any CPU
		{0AC3DA97-2BDD-4775-B407-59CBE9B588BA}.Debug|Any CPU.Build.0 = Debug|Any CPU
		{0AC3DA97-2BDD-4775-B407-59CBE9B588BA}.Release|Any CPU.ActiveCfg = Release|Any CPU
		{0AC3DA97-2BDD-4775-B407-59CBE9B588BA}.Release|Any CPU.Build.0 = Release|Any CPU
		{26BA7878-3D89-4889-807D-CFA0494CE167}.Debug|Any CPU.ActiveCfg = Debug|Any CPU
		{26BA7878-3D89-4889-807D-CFA0494CE167}.Debug|Any CPU.Build.0 = Debug|Any CPU
		{26BA7878-3D89-4889-807D-CFA0494CE167}.Release|Any CPU.ActiveCfg = Release|Any CPU
		{26BA7878-3D89-4889-807D-CFA0494CE167}.Release|Any CPU.Build.0 = Release|Any CPU
	EndGlobalSection
	GlobalSection(SolutionProperties) = preSolution
		HideSolutionNode = FALSE
	EndGlobalSection
	GlobalSection(ExtensibilityGlobals) = postSolution
		SolutionGuid = {7C0E5701-B0CA-46DF-B0F2-8F13EC2640CC}
	EndGlobalSection
EndGlobal
